// !$*UTF8*$!
{
	archiveVersion = 1;
	classes = {
	};
	objectVersion = 50;
	objects = {

/* Begin PBXBuildFile section */
		6F40CE8E253309B200FEECBB /* AppDelegate.swift in Sources */ = {isa = PBXBuildFile; fileRef = 6F40CE8D253309B200FEECBB /* AppDelegate.swift */; };
		6F40CE90253309B200FEECBB /* SceneDelegate.swift in Sources */ = {isa = PBXBuildFile; fileRef = 6F40CE8F253309B200FEECBB /* SceneDelegate.swift */; };
		6F40CE92253309B200FEECBB /* ViewController.swift in Sources */ = {isa = PBXBuildFile; fileRef = 6F40CE91253309B200FEECBB /* ViewController.swift */; };
		6F40CE97253309B900FEECBB /* Assets.xcassets in Resources */ = {isa = PBXBuildFile; fileRef = 6F40CE96253309B900FEECBB /* Assets.xcassets */; };
		6F40CE9A253309B900FEECBB /* LaunchScreen.storyboard in Resources */ = {isa = PBXBuildFile; fileRef = 6F40CE98253309B900FEECBB /* LaunchScreen.storyboard */; };
		6F40CEA72533900100FEECBB /* OnboardingPage.swift in Sources */ = {isa = PBXBuildFile; fileRef = 6F40CEA62533900100FEECBB /* OnboardingPage.swift */; };
		6F40CEA92533914500FEECBB /* TAIButton.swift in Sources */ = {isa = PBXBuildFile; fileRef = 6F40CEA82533914500FEECBB /* TAIButton.swift */; };
		6F4D4B912533D79B00EE685D /* LoginVC.swift in Sources */ = {isa = PBXBuildFile; fileRef = 6F4D4B902533D79B00EE685D /* LoginVC.swift */; };
		6F4D4B932533D86300EE685D /* TAITextField.swift in Sources */ = {isa = PBXBuildFile; fileRef = 6F4D4B922533D86300EE685D /* TAITextField.swift */; };
		6F4D4B952533DB6C00EE685D /* RegistrationVC.swift in Sources */ = {isa = PBXBuildFile; fileRef = 6F4D4B942533DB6C00EE685D /* RegistrationVC.swift */; };
		6F4D4B972533F0AF00EE685D /* ProfileVC.swift in Sources */ = {isa = PBXBuildFile; fileRef = 6F4D4B962533F0AF00EE685D /* ProfileVC.swift */; };
		6F4D4B992534B49A00EE685D /* User.swift in Sources */ = {isa = PBXBuildFile; fileRef = 6F4D4B982534B49A00EE685D /* User.swift */; };
		6F4D4B9B2535869F00EE685D /* UserFormVC.swift in Sources */ = {isa = PBXBuildFile; fileRef = 6F4D4B9A2535869F00EE685D /* UserFormVC.swift */; };
		6F4D4B9D2536267200EE685D /* OrganizationForm.swift in Sources */ = {isa = PBXBuildFile; fileRef = 6F4D4B9C2536267200EE685D /* OrganizationForm.swift */; };
/* End PBXBuildFile section */

/* Begin PBXFileReference section */
		6F40CE8A253309B100FEECBB /* MLHSpeakerApp.app */ = {isa = PBXFileReference; explicitFileType = wrapper.application; includeInIndex = 0; path = MLHSpeakerApp.app; sourceTree = BUILT_PRODUCTS_DIR; };
		6F40CE8D253309B200FEECBB /* AppDelegate.swift */ = {isa = PBXFileReference; lastKnownFileType = sourcecode.swift; path = AppDelegate.swift; sourceTree = "<group>"; };
		6F40CE8F253309B200FEECBB /* SceneDelegate.swift */ = {isa = PBXFileReference; lastKnownFileType = sourcecode.swift; path = SceneDelegate.swift; sourceTree = "<group>"; };
		6F40CE91253309B200FEECBB /* ViewController.swift */ = {isa = PBXFileReference; lastKnownFileType = sourcecode.swift; path = ViewController.swift; sourceTree = "<group>"; };
		6F40CE96253309B900FEECBB /* Assets.xcassets */ = {isa = PBXFileReference; lastKnownFileType = folder.assetcatalog; path = Assets.xcassets; sourceTree = "<group>"; };
		6F40CE99253309B900FEECBB /* Base */ = {isa = PBXFileReference; lastKnownFileType = file.storyboard; name = Base; path = Base.lproj/LaunchScreen.storyboard; sourceTree = "<group>"; };
		6F40CE9B253309B900FEECBB /* Info.plist */ = {isa = PBXFileReference; lastKnownFileType = text.plist.xml; path = Info.plist; sourceTree = "<group>"; };
		6F40CEA62533900100FEECBB /* OnboardingPage.swift */ = {isa = PBXFileReference; lastKnownFileType = sourcecode.swift; path = OnboardingPage.swift; sourceTree = "<group>"; };
		6F40CEA82533914500FEECBB /* TAIButton.swift */ = {isa = PBXFileReference; lastKnownFileType = sourcecode.swift; path = TAIButton.swift; sourceTree = "<group>"; };
		6F4D4B902533D79B00EE685D /* LoginVC.swift */ = {isa = PBXFileReference; lastKnownFileType = sourcecode.swift; path = LoginVC.swift; sourceTree = "<group>"; };
		6F4D4B922533D86300EE685D /* TAITextField.swift */ = {isa = PBXFileReference; lastKnownFileType = sourcecode.swift; path = TAITextField.swift; sourceTree = "<group>"; };
		6F4D4B942533DB6C00EE685D /* RegistrationVC.swift */ = {isa = PBXFileReference; lastKnownFileType = sourcecode.swift; path = RegistrationVC.swift; sourceTree = "<group>"; };
		6F4D4B962533F0AF00EE685D /* ProfileVC.swift */ = {isa = PBXFileReference; lastKnownFileType = sourcecode.swift; path = ProfileVC.swift; sourceTree = "<group>"; };
		6F4D4B982534B49A00EE685D /* User.swift */ = {isa = PBXFileReference; lastKnownFileType = sourcecode.swift; path = User.swift; sourceTree = "<group>"; };
		6F4D4B9A2535869F00EE685D /* UserFormVC.swift */ = {isa = PBXFileReference; lastKnownFileType = sourcecode.swift; path = UserFormVC.swift; sourceTree = "<group>"; };
		6F4D4B9C2536267200EE685D /* OrganizationForm.swift */ = {isa = PBXFileReference; lastKnownFileType = sourcecode.swift; path = OrganizationForm.swift; sourceTree = "<group>"; };
/* End PBXFileReference section */

/* Begin PBXFrameworksBuildPhase section */
		6F40CE87253309B100FEECBB /* Frameworks */ = {
			isa = PBXFrameworksBuildPhase;
			buildActionMask = 2147483647;
			files = (
			);
			runOnlyForDeploymentPostprocessing = 0;
		};
/* End PBXFrameworksBuildPhase section */

/* Begin PBXGroup section */
		6F40CE81253309B100FEECBB = {
			isa = PBXGroup;
			children = (
				6F40CE8C253309B100FEECBB /* MLHSpeakerApp */,
				6F40CE8B253309B100FEECBB /* Products */,
			);
			sourceTree = "<group>";
		};
		6F40CE8B253309B100FEECBB /* Products */ = {
			isa = PBXGroup;
			children = (
				6F40CE8A253309B100FEECBB /* MLHSpeakerApp.app */,
			);
			name = Products;
			sourceTree = "<group>";
		};
		6F40CE8C253309B100FEECBB /* MLHSpeakerApp */ = {
			isa = PBXGroup;
			children = (
				6F40CE8D253309B200FEECBB /* AppDelegate.swift */,
				6F40CE8F253309B200FEECBB /* SceneDelegate.swift */,
				6F40CE96253309B900FEECBB /* Assets.xcassets */,
				6F40CE98253309B900FEECBB /* LaunchScreen.storyboard */,
				6F40CEA125338F6D00FEECBB /* Model */,
				6F40CEA225338F7300FEECBB /* View */,
				6F40CEA325338F8500FEECBB /* Controller */,
				6F40CE9B253309B900FEECBB /* Info.plist */,
			);
			path = MLHSpeakerApp;
			sourceTree = "<group>";
		};
		6F40CEA125338F6D00FEECBB /* Model */ = {
			isa = PBXGroup;
			children = (
				6F4D4B982534B49A00EE685D /* User.swift */,
			);
			path = Model;
			sourceTree = "<group>";
		};
		6F40CEA225338F7300FEECBB /* View */ = {
			isa = PBXGroup;
			children = (
				6F40CEA62533900100FEECBB /* OnboardingPage.swift */,
				6F40CEA82533914500FEECBB /* TAIButton.swift */,
				6F4D4B922533D86300EE685D /* TAITextField.swift */,
			);
			path = View;
			sourceTree = "<group>";
		};
		6F40CEA325338F8500FEECBB /* Controller */ = {
			isa = PBXGroup;
			children = (
				6F40CE91253309B200FEECBB /* ViewController.swift */,
				6F4D4B902533D79B00EE685D /* LoginVC.swift */,
				6F4D4B942533DB6C00EE685D /* RegistrationVC.swift */,
				6F4D4B962533F0AF00EE685D /* ProfileVC.swift */,
				6F4D4B9A2535869F00EE685D /* UserFormVC.swift */,
				6F4D4B9C2536267200EE685D /* OrganizationForm.swift */,
			);
			path = Controller;
			sourceTree = "<group>";
		};
/* End PBXGroup section */

/* Begin PBXNativeTarget section */
		6F40CE89253309B100FEECBB /* MLHSpeakerApp */ = {
			isa = PBXNativeTarget;
			buildConfigurationList = 6F40CE9E253309B900FEECBB /* Build configuration list for PBXNativeTarget "MLHSpeakerApp" */;
			buildPhases = (
				6F40CE86253309B100FEECBB /* Sources */,
				6F40CE87253309B100FEECBB /* Frameworks */,
				6F40CE88253309B100FEECBB /* Resources */,
			);
			buildRules = (
			);
			dependencies = (
			);
			name = MLHSpeakerApp;
			productName = MLHSpeakerApp;
			productReference = 6F40CE8A253309B100FEECBB /* MLHSpeakerApp.app */;
			productType = "com.apple.product-type.application";
		};
/* End PBXNativeTarget section */

/* Begin PBXProject section */
		6F40CE82253309B100FEECBB /* Project object */ = {
			isa = PBXProject;
			attributes = {
				LastSwiftUpdateCheck = 1170;
				LastUpgradeCheck = 1170;
				ORGANIZATIONNAME = Mondale;
				TargetAttributes = {
					6F40CE89253309B100FEECBB = {
						CreatedOnToolsVersion = 11.7;
					};
				};
			};
			buildConfigurationList = 6F40CE85253309B100FEECBB /* Build configuration list for PBXProject "MLHSpeakerApp" */;
			compatibilityVersion = "Xcode 9.3";
			developmentRegion = en;
			hasScannedForEncodings = 0;
			knownRegions = (
				en,
				Base,
			);
			mainGroup = 6F40CE81253309B100FEECBB;
			productRefGroup = 6F40CE8B253309B100FEECBB /* Products */;
			projectDirPath = "";
			projectRoot = "";
			targets = (
				6F40CE89253309B100FEECBB /* MLHSpeakerApp */,
			);
		};
/* End PBXProject section */

/* Begin PBXResourcesBuildPhase section */
		6F40CE88253309B100FEECBB /* Resources */ = {
			isa = PBXResourcesBuildPhase;
			buildActionMask = 2147483647;
			files = (
				6F40CE9A253309B900FEECBB /* LaunchScreen.storyboard in Resources */,
				6F40CE97253309B900FEECBB /* Assets.xcassets in Resources */,
			);
			runOnlyForDeploymentPostprocessing = 0;
		};
/* End PBXResourcesBuildPhase section */

/* Begin PBXSourcesBuildPhase section */
		6F40CE86253309B100FEECBB /* Sources */ = {
			isa = PBXSourcesBuildPhase;
			buildActionMask = 2147483647;
			files = (
				6F40CE92253309B200FEECBB /* ViewController.swift in Sources */,
				6F4D4B932533D86300EE685D /* TAITextField.swift in Sources */,
				6F4D4B9B2535869F00EE685D /* UserFormVC.swift in Sources */,
				6F40CE8E253309B200FEECBB /* AppDelegate.swift in Sources */,
				6F4D4B972533F0AF00EE685D /* ProfileVC.swift in Sources */,
				6F4D4B952533DB6C00EE685D /* RegistrationVC.swift in Sources */,
				6F4D4B9D2536267200EE685D /* OrganizationForm.swift in Sources */,
				6F4D4B912533D79B00EE685D /* LoginVC.swift in Sources */,
				6F40CE90253309B200FEECBB /* SceneDelegate.swift in Sources */,
				6F40CEA92533914500FEECBB /* TAIButton.swift in Sources */,
				6F4D4B992534B49A00EE685D /* User.swift in Sources */,
				6F40CEA72533900100FEECBB /* OnboardingPage.swift in Sources */,
			);
			runOnlyForDeploymentPostprocessing = 0;
		};
/* End PBXSourcesBuildPhase section */

/* Begin PBXVariantGroup section */
		6F40CE98253309B900FEECBB /* LaunchScreen.storyboard */ = {
			isa = PBXVariantGroup;
			children = (
				6F40CE99253309B900FEECBB /* Base */,
			);
			name = LaunchScreen.storyboard;
			sourceTree = "<group>";
		};
/* End PBXVariantGroup section */

/* Begin XCBuildConfiguration section */
		6F40CE9C253309B900FEECBB /* Debug */ = {
			isa = XCBuildConfiguration;
			buildSettings = {
				ALWAYS_SEARCH_USER_PATHS = NO;
				CLANG_ANALYZER_NONNULL = YES;
				CLANG_ANALYZER_NUMBER_OBJECT_CONVERSION = YES_AGGRESSIVE;
				CLANG_CXX_LANGUAGE_STANDARD = "gnu++14";
				CLANG_CXX_LIBRARY = "libc++";
				CLANG_ENABLE_MODULES = YES;
				CLANG_ENABLE_OBJC_ARC = YES;
				CLANG_ENABLE_OBJC_WEAK = YES;
				CLANG_WARN_BLOCK_CAPTURE_AUTORELEASING = YES;
				CLANG_WARN_BOOL_CONVERSION = YES;
				CLANG_WARN_COMMA = YES;
				CLANG_WARN_CONSTANT_CONVERSION = YES;
				CLANG_WARN_DEPRECATED_OBJC_IMPLEMENTATIONS = YES;
				CLANG_WARN_DIRECT_OBJC_ISA_USAGE = YES_ERROR;
				CLANG_WARN_DOCUMENTATION_COMMENTS = YES;
				CLANG_WARN_EMPTY_BODY = YES;
				CLANG_WARN_ENUM_CONVERSION = YES;
				CLANG_WARN_INFINITE_RECURSION = YES;
				CLANG_WARN_INT_CONVERSION = YES;
				CLANG_WARN_NON_LITERAL_NULL_CONVERSION = YES;
				CLANG_WARN_OBJC_IMPLICIT_RETAIN_SELF = YES;
				CLANG_WARN_OBJC_LITERAL_CONVERSION = YES;
				CLANG_WARN_OBJC_ROOT_CLASS = YES_ERROR;
				CLANG_WARN_RANGE_LOOP_ANALYSIS = YES;
				CLANG_WARN_STRICT_PROTOTYPES = YES;
				CLANG_WARN_SUSPICIOUS_MOVE = YES;
				CLANG_WARN_UNGUARDED_AVAILABILITY = YES_AGGRESSIVE;
				CLANG_WARN_UNREACHABLE_CODE = YES;
				CLANG_WARN__DUPLICATE_METHOD_MATCH = YES;
				COPY_PHASE_STRIP = NO;
				DEBUG_INFORMATION_FORMAT = dwarf;
				ENABLE_STRICT_OBJC_MSGSEND = YES;
				ENABLE_TESTABILITY = YES;
				GCC_C_LANGUAGE_STANDARD = gnu11;
				GCC_DYNAMIC_NO_PIC = NO;
				GCC_NO_COMMON_BLOCKS = YES;
				GCC_OPTIMIZATION_LEVEL = 0;
				GCC_PREPROCESSOR_DEFINITIONS = (
					"DEBUG=1",
					"$(inherited)",
				);
				GCC_WARN_64_TO_32_BIT_CONVERSION = YES;
				GCC_WARN_ABOUT_RETURN_TYPE = YES_ERROR;
				GCC_WARN_UNDECLARED_SELECTOR = YES;
				GCC_WARN_UNINITIALIZED_AUTOS = YES_AGGRESSIVE;
				GCC_WARN_UNUSED_FUNCTION = YES;
				GCC_WARN_UNUSED_VARIABLE = YES;
				IPHONEOS_DEPLOYMENT_TARGET = 13.7;
				MTL_ENABLE_DEBUG_INFO = INCLUDE_SOURCE;
				MTL_FAST_MATH = YES;
				ONLY_ACTIVE_ARCH = YES;
				SDKROOT = iphoneos;
				SWIFT_ACTIVE_COMPILATION_CONDITIONS = DEBUG;
				SWIFT_OPTIMIZATION_LEVEL = "-Onone";
			};
			name = Debug;
		};
		6F40CE9D253309B900FEECBB /* Release */ = {
			isa = XCBuildConfiguration;
			buildSettings = {
				ALWAYS_SEARCH_USER_PATHS = NO;
				CLANG_ANALYZER_NONNULL = YES;
				CLANG_ANALYZER_NUMBER_OBJECT_CONVERSION = YES_AGGRESSIVE;
				CLANG_CXX_LANGUAGE_STANDARD = "gnu++14";
				CLANG_CXX_LIBRARY = "libc++";
				CLANG_ENABLE_MODULES = YES;
				CLANG_ENABLE_OBJC_ARC = YES;
				CLANG_ENABLE_OBJC_WEAK = YES;
				CLANG_WARN_BLOCK_CAPTURE_AUTORELEASING = YES;
				CLANG_WARN_BOOL_CONVERSION = YES;
				CLANG_WARN_COMMA = YES;
				CLANG_WARN_CONSTANT_CONVERSION = YES;
				CLANG_WARN_DEPRECATED_OBJC_IMPLEMENTATIONS = YES;
				CLANG_WARN_DIRECT_OBJC_ISA_USAGE = YES_ERROR;
				CLANG_WARN_DOCUMENTATION_COMMENTS = YES;
				CLANG_WARN_EMPTY_BODY = YES;
				CLANG_WARN_ENUM_CONVERSION = YES;
				CLANG_WARN_INFINITE_RECURSION = YES;
				CLANG_WARN_INT_CONVERSION = YES;
				CLANG_WARN_NON_LITERAL_NULL_CONVERSION = YES;
				CLANG_WARN_OBJC_IMPLICIT_RETAIN_SELF = YES;
				CLANG_WARN_OBJC_LITERAL_CONVERSION = YES;
				CLANG_WARN_OBJC_ROOT_CLASS = YES_ERROR;
				CLANG_WARN_RANGE_LOOP_ANALYSIS = YES;
				CLANG_WARN_STRICT_PROTOTYPES = YES;
				CLANG_WARN_SUSPICIOUS_MOVE = YES;
				CLANG_WARN_UNGUARDED_AVAILABILITY = YES_AGGRESSIVE;
				CLANG_WARN_UNREACHABLE_CODE = YES;
				CLANG_WARN__DUPLICATE_METHOD_MATCH = YES;
				COPY_PHASE_STRIP = NO;
				DEBUG_INFORMATION_FORMAT = "dwarf-with-dsym";
				ENABLE_NS_ASSERTIONS = NO;
				ENABLE_STRICT_OBJC_MSGSEND = YES;
				GCC_C_LANGUAGE_STANDARD = gnu11;
				GCC_NO_COMMON_BLOCKS = YES;
				GCC_WARN_64_TO_32_BIT_CONVERSION = YES;
				GCC_WARN_ABOUT_RETURN_TYPE = YES_ERROR;
				GCC_WARN_UNDECLARED_SELECTOR = YES;
				GCC_WARN_UNINITIALIZED_AUTOS = YES_AGGRESSIVE;
				GCC_WARN_UNUSED_FUNCTION = YES;
				GCC_WARN_UNUSED_VARIABLE = YES;
				IPHONEOS_DEPLOYMENT_TARGET = 13.7;
				MTL_ENABLE_DEBUG_INFO = NO;
				MTL_FAST_MATH = YES;
				SDKROOT = iphoneos;
				SWIFT_COMPILATION_MODE = wholemodule;
				SWIFT_OPTIMIZATION_LEVEL = "-O";
				VALIDATE_PRODUCT = YES;
			};
			name = Release;
		};
		6F40CE9F253309B900FEECBB /* Debug */ = {
			isa = XCBuildConfiguration;
			buildSettings = {
				ASSETCATALOG_COMPILER_APPICON_NAME = AppIcon;
				CODE_SIGN_STYLE = Automatic;
				INFOPLIST_FILE = MLHSpeakerApp/Info.plist;
				LD_RUNPATH_SEARCH_PATHS = (
					"$(inherited)",
					"@executable_path/Frameworks",
				);
				PRODUCT_BUNDLE_IDENTIFIER = com.MLHSpeakerApp;
				PRODUCT_NAME = "$(TARGET_NAME)";
				SWIFT_VERSION = 5.0;
				TARGETED_DEVICE_FAMILY = "1,2";
			};
			name = Debug;
		};
		6F40CEA0253309B900FEECBB /* Release */ = {
			isa = XCBuildConfiguration;
			buildSettings = {
				ASSETCATALOG_COMPILER_APPICON_NAME = AppIcon;
				CODE_SIGN_STYLE = Automatic;
				INFOPLIST_FILE = MLHSpeakerApp/Info.plist;
				LD_RUNPATH_SEARCH_PATHS = (
					"$(inherited)",
					"@executable_path/Frameworks",
				);
				PRODUCT_BUNDLE_IDENTIFIER = com.MLHSpeakerApp;
				PRODUCT_NAME = "$(TARGET_NAME)";
				SWIFT_VERSION = 5.0;
				TARGETED_DEVICE_FAMILY = "1,2";
			};
			name = Release;
		};
/* End XCBuildConfiguration section */

/* Begin XCConfigurationList section */
		6F40CE85253309B100FEECBB /* Build configuration list for PBXProject "MLHSpeakerApp" */ = {
			isa = XCConfigurationList;
			buildConfigurations = (
				6F40CE9C253309B900FEECBB /* Debug */,
				6F40CE9D253309B900FEECBB /* Release */,
			);
			defaultConfigurationIsVisible = 0;
			defaultConfigurationName = Release;
		};
		6F40CE9E253309B900FEECBB /* Build configuration list for PBXNativeTarget "MLHSpeakerApp" */ = {
			isa = XCConfigurationList;
			buildConfigurations = (
				6F40CE9F253309B900FEECBB /* Debug */,
				6F40CEA0253309B900FEECBB /* Release */,
			);
			defaultConfigurationIsVisible = 0;
			defaultConfigurationName = Release;
		};
/* End XCConfigurationList section */
	};
	rootObject = 6F40CE82253309B100FEECBB /* Project object */;
}
